
Microsoft Visual Studio Solution File, Format Version 12.00
# Visual Studio Version 16
VisualStudioVersion = 16.0.29519.181
MinimumVisualStudioVersion = 10.0.40219.1
Project("{9A19103F-16F7-4668-BE54-9A1E7A4F7556}") = "FilmScriptEditor", "FilmScriptEditor.csproj", "{53D34E1C-998B-4E7F-9A68-B7C6B15B5533}"
EndProject
Global
	GlobalSection(SolutionConfigurationPlatforms) = preSolution
		Debug|Any CPU = Debug|Any CPU
		Release|Any CPU = Release|Any CPU
	EndGlobalSection
	GlobalSection(ProjectConfigurationPlatforms) = postSolution
		{53D34E1C-998B-4E7F-9A68-B7C6B15B5533}.Debug|Any CPU.ActiveCfg = Debug|Any CPU
		{53D34E1C-998B-4E7F-9A68-B7C6B15B5533}.Debug|Any CPU.Build.0 = Debug|Any CPU
		{53D34E1C-998B-4E7F-9A68-B7C6B15B5533}.Release|Any CPU.ActiveCfg = Release|Any CPU
		{53D34E1C-998B-4E7F-9A68-B7C6B15B5533}.Release|Any CPU.Build.0 = Release|Any CPU
	EndGlobalSection
	GlobalSection(SolutionProperties) = preSolution
		HideSolutionNode = FALSE
	EndGlobalSection
	GlobalSection(ExtensibilityGlobals) = postSolution
		SolutionGuid = {C6A43336-B545-461C-B92B-231E11F8CF62}
	EndGlobalSection
EndGlobal
